
Microsoft Visual Studio Solution File, Format Version 12.00
# Visual Studio Version 17
VisualStudioVersion = 17.7.34221.43
MinimumVisualStudioVersion = 10.0.40219.1
Project("{9A19103F-16F7-4668-BE54-9A1E7A4F7556}") = "FightingFantasyCompanion", "FightingFantasyCompanion.csproj", "{42D28C44-5392-40FF-9F43-21EECAE4F792}"
EndProject
Global
	GlobalSection(SolutionConfigurationPlatforms) = preSolution
		Debug|Any CPU = Debug|Any CPU
		Release|Any CPU = Release|Any CPU
	EndGlobalSection
	GlobalSection(ProjectConfigurationPlatforms) = postSolution
		{42D28C44-5392-40FF-9F43-21EECAE4F792}.Debug|Any CPU.ActiveCfg = Debug|Any CPU
		{42D28C44-5392-40FF-9F43-21EECAE4F792}.Debug|Any CPU.Build.0 = Debug|Any CPU
		{42D28C44-5392-40FF-9F43-21EECAE4F792}.Release|Any CPU.ActiveCfg = Release|Any CPU
		{42D28C44-5392-40FF-9F43-21EECAE4F792}.Release|Any CPU.Build.0 = Release|Any CPU
	EndGlobalSection
	GlobalSection(SolutionProperties) = preSolution
		HideSolutionNode = FALSE
	EndGlobalSection
	GlobalSection(ExtensibilityGlobals) = postSolution
		SolutionGuid = {E34F8071-6E13-4D3D-92F1-234F475C3BD5}
	EndGlobalSection
EndGlobal
